
Microsoft Visual Studio Solution File, Format Version 12.00
# Visual Studio Version 16
VisualStudioVersion = 16.0.30611.23
MinimumVisualStudioVersion = 10.0.40219.1
Project("{FAE04EC0-301F-11D3-BF4B-00C04F79EFBC}") = "Generics_Step255", "Generics_Step255\Generics_Step255.csproj", "{C9B0489B-A70D-418A-87EB-EE53859D65D4}"
EndProject
Global
	GlobalSection(SolutionConfigurationPlatforms) = preSolution
		Debug|Any CPU = Debug|Any CPU
		Release|Any CPU = Release|Any CPU
	EndGlobalSection
	GlobalSection(ProjectConfigurationPlatforms) = postSolution
		{C9B0489B-A70D-418A-87EB-EE53859D65D4}.Debug|Any CPU.ActiveCfg = Debug|Any CPU
		{C9B0489B-A70D-418A-87EB-EE53859D65D4}.Debug|Any CPU.Build.0 = Debug|Any CPU
		{C9B0489B-A70D-418A-87EB-EE53859D65D4}.Release|Any CPU.ActiveCfg = Release|Any CPU
		{C9B0489B-A70D-418A-87EB-EE53859D65D4}.Release|Any CPU.Build.0 = Release|Any CPU
	EndGlobalSection
	GlobalSection(SolutionProperties) = preSolution
		HideSolutionNode = FALSE
	EndGlobalSection
	GlobalSection(ExtensibilityGlobals) = postSolution
		SolutionGuid = {232ECF34-CEC8-4155-AE14-55895202637B}
	EndGlobalSection
EndGlobal
